
Microsoft Visual Studio Solution File, Format Version 12.00
# Visual Studio Version 16
VisualStudioVersion = 16.0.31424.327
MinimumVisualStudioVersion = 10.0.40219.1
Project("{9A19103F-16F7-4668-BE54-9A1E7A4F7556}") = "SQLServerUI", "SQLServerUI\SQLServerUI.csproj", "{D0C61E3B-80F3-4A18-8575-3C6871992C8E}"
EndProject
Project("{9A19103F-16F7-4668-BE54-9A1E7A4F7556}") = "DataAccessLibrary", "DataAccessLibrary\DataAccessLibrary.csproj", "{C9260378-1608-4C43-9994-A1A481067528}"
EndProject
Project("{00D1A9C2-B5F0-4AF3-8072-F6C62B433612}") = "SQLContactsDB", "SQLContactsDB\SQLContactsDB.sqlproj", "{52ED25E7-E994-4868-BCF1-4C782EFB4B21}"
EndProject
Project("{9A19103F-16F7-4668-BE54-9A1E7A4F7556}") = "MySqlUI", "MySqlUI\MySqlUI.csproj", "{2575AC28-69CD-4CC7-924E-EE9E08BBD0B4}"
EndProject
Project("{9A19103F-16F7-4668-BE54-9A1E7A4F7556}") = "SqliteUI", "SqliteUI\SqliteUI.csproj", "{FE2CF059-25FD-42AA-80F8-26FA12813FC5}"
EndProject
Global
	GlobalSection(SolutionConfigurationPlatforms) = preSolution
		Debug|Any CPU = Debug|Any CPU
		Release|Any CPU = Release|Any CPU
	EndGlobalSection
	GlobalSection(ProjectConfigurationPlatforms) = postSolution
		{D0C61E3B-80F3-4A18-8575-3C6871992C8E}.Debug|Any CPU.ActiveCfg = Debug|Any CPU
		{D0C61E3B-80F3-4A18-8575-3C6871992C8E}.Debug|Any CPU.Build.0 = Debug|Any CPU
		{D0C61E3B-80F3-4A18-8575-3C6871992C8E}.Release|Any CPU.ActiveCfg = Release|Any CPU
		{D0C61E3B-80F3-4A18-8575-3C6871992C8E}.Release|Any CPU.Build.0 = Release|Any CPU
		{C9260378-1608-4C43-9994-A1A481067528}.Debug|Any CPU.ActiveCfg = Debug|Any CPU
		{C9260378-1608-4C43-9994-A1A481067528}.Debug|Any CPU.Build.0 = Debug|Any CPU
		{C9260378-1608-4C43-9994-A1A481067528}.Release|Any CPU.ActiveCfg = Release|Any CPU
		{C9260378-1608-4C43-9994-A1A481067528}.Release|Any CPU.Build.0 = Release|Any CPU
		{52ED25E7-E994-4868-BCF1-4C782EFB4B21}.Debug|Any CPU.ActiveCfg = Debug|Any CPU
		{52ED25E7-E994-4868-BCF1-4C782EFB4B21}.Debug|Any CPU.Build.0 = Debug|Any CPU
		{52ED25E7-E994-4868-BCF1-4C782EFB4B21}.Debug|Any CPU.Deploy.0 = Debug|Any CPU
		{52ED25E7-E994-4868-BCF1-4C782EFB4B21}.Release|Any CPU.ActiveCfg = Release|Any CPU
		{52ED25E7-E994-4868-BCF1-4C782EFB4B21}.Release|Any CPU.Build.0 = Release|Any CPU
		{52ED25E7-E994-4868-BCF1-4C782EFB4B21}.Release|Any CPU.Deploy.0 = Release|Any CPU
		{2575AC28-69CD-4CC7-924E-EE9E08BBD0B4}.Debug|Any CPU.ActiveCfg = Debug|Any CPU
		{2575AC28-69CD-4CC7-924E-EE9E08BBD0B4}.Debug|Any CPU.Build.0 = Debug|Any CPU
		{2575AC28-69CD-4CC7-924E-EE9E08BBD0B4}.Release|Any CPU.ActiveCfg = Release|Any CPU
		{2575AC28-69CD-4CC7-924E-EE9E08BBD0B4}.Release|Any CPU.Build.0 = Release|Any CPU
		{FE2CF059-25FD-42AA-80F8-26FA12813FC5}.Debug|Any CPU.ActiveCfg = Debug|Any CPU
		{FE2CF059-25FD-42AA-80F8-26FA12813FC5}.Debug|Any CPU.Build.0 = Debug|Any CPU
		{FE2CF059-25FD-42AA-80F8-26FA12813FC5}.Release|Any CPU.ActiveCfg = Release|Any CPU
		{FE2CF059-25FD-42AA-80F8-26FA12813FC5}.Release|Any CPU.Build.0 = Release|Any CPU
	EndGlobalSection
	GlobalSection(SolutionProperties) = preSolution
		HideSolutionNode = FALSE
	EndGlobalSection
	GlobalSection(ExtensibilityGlobals) = postSolution
		SolutionGuid = {B52E0331-0DFE-4B19-B65F-F4B54C2F9C76}
	EndGlobalSection
EndGlobal
